
Microsoft Visual Studio Solution File, Format Version 12.00
Project("{FAE04EC0-301F-11D3-BF4B-00C04F79EFBC}") = "ProjectUCS.Server", "ProjectUCS.Server\ProjectUCS.Server.csproj", "{915BF281-6BA4-4DD6-9F2E-A9CAF0F842D0}"
EndProject
Project("{FAE04EC0-301F-11D3-BF4B-00C04F79EFBC}") = "ProjectUCS.Common", "ProjectUCS.Common\ProjectUCS.Common.csproj", "{1234E991-64A3-419C-A3FA-2740CF7163F3}"
EndProject
Global
	GlobalSection(SolutionConfigurationPlatforms) = preSolution
		Debug|Any CPU = Debug|Any CPU
		Release|Any CPU = Release|Any CPU
	EndGlobalSection
	GlobalSection(ProjectConfigurationPlatforms) = postSolution
		{915BF281-6BA4-4DD6-9F2E-A9CAF0F842D0}.Debug|Any CPU.ActiveCfg = Debug|Any CPU
		{915BF281-6BA4-4DD6-9F2E-A9CAF0F842D0}.Debug|Any CPU.Build.0 = Debug|Any CPU
		{915BF281-6BA4-4DD6-9F2E-A9CAF0F842D0}.Release|Any CPU.ActiveCfg = Release|Any CPU
		{915BF281-6BA4-4DD6-9F2E-A9CAF0F842D0}.Release|Any CPU.Build.0 = Release|Any CPU
		{1234E991-64A3-419C-A3FA-2740CF7163F3}.Debug|Any CPU.ActiveCfg = Debug|Any CPU
		{1234E991-64A3-419C-A3FA-2740CF7163F3}.Debug|Any CPU.Build.0 = Debug|Any CPU
		{1234E991-64A3-419C-A3FA-2740CF7163F3}.Release|Any CPU.ActiveCfg = Release|Any CPU
		{1234E991-64A3-419C-A3FA-2740CF7163F3}.Release|Any CPU.Build.0 = Release|Any CPU
	EndGlobalSection
EndGlobal
